
Microsoft Visual Studio Solution File, Format Version 12.00
# Visual Studio Version 16
VisualStudioVersion = 16.0.30517.126
MinimumVisualStudioVersion = 10.0.40219.1
Project("{FAE04EC0-301F-11D3-BF4B-00C04F79EFBC}") = "GameOfLife", "SimulationOfLife\GameOfLife.csproj", "{FC711905-2870-4627-89C7-3CB54BFE172E}"
EndProject
Project("{FAE04EC0-301F-11D3-BF4B-00C04F79EFBC}") = "GameOfLifeConsole", "GameOfLifeConsole\GameOfLifeConsole.csproj", "{551E9CB7-2115-4BA4-8367-AC86AB584EA8}"
EndProject
Global
	GlobalSection(SolutionConfigurationPlatforms) = preSolution
		Debug|Any CPU = Debug|Any CPU
		Release|Any CPU = Release|Any CPU
	EndGlobalSection
	GlobalSection(ProjectConfigurationPlatforms) = postSolution
		{FC711905-2870-4627-89C7-3CB54BFE172E}.Debug|Any CPU.ActiveCfg = Debug|Any CPU
		{FC711905-2870-4627-89C7-3CB54BFE172E}.Debug|Any CPU.Build.0 = Debug|Any CPU
		{FC711905-2870-4627-89C7-3CB54BFE172E}.Release|Any CPU.ActiveCfg = Release|Any CPU
		{FC711905-2870-4627-89C7-3CB54BFE172E}.Release|Any CPU.Build.0 = Release|Any CPU
		{551E9CB7-2115-4BA4-8367-AC86AB584EA8}.Debug|Any CPU.ActiveCfg = Debug|Any CPU
		{551E9CB7-2115-4BA4-8367-AC86AB584EA8}.Debug|Any CPU.Build.0 = Debug|Any CPU
		{551E9CB7-2115-4BA4-8367-AC86AB584EA8}.Release|Any CPU.ActiveCfg = Release|Any CPU
		{551E9CB7-2115-4BA4-8367-AC86AB584EA8}.Release|Any CPU.Build.0 = Release|Any CPU
	EndGlobalSection
	GlobalSection(SolutionProperties) = preSolution
		HideSolutionNode = FALSE
	EndGlobalSection
	GlobalSection(ExtensibilityGlobals) = postSolution
		SolutionGuid = {F0866E01-BC77-4CD1-837B-A5067B14F674}
	EndGlobalSection
EndGlobal
